
Microsoft Visual Studio Solution File, Format Version 12.00
# Visual Studio Version 17
VisualStudioVersion = 17.9.34728.123
MinimumVisualStudioVersion = 10.0.40219.1
Project("{FAE04EC0-301F-11D3-BF4B-00C04F79EFBC}") = "E-Commerece", "E-Commerece\E-Commerece.csproj", "{F06CC901-6AB2-445F-A300-A526E287F0B0}"
EndProject
Global
	GlobalSection(SolutionConfigurationPlatforms) = preSolution
		Debug|Any CPU = Debug|Any CPU
		Release|Any CPU = Release|Any CPU
	EndGlobalSection
	GlobalSection(ProjectConfigurationPlatforms) = postSolution
		{F06CC901-6AB2-445F-A300-A526E287F0B0}.Debug|Any CPU.ActiveCfg = Debug|Any CPU
		{F06CC901-6AB2-445F-A300-A526E287F0B0}.Debug|Any CPU.Build.0 = Debug|Any CPU
		{F06CC901-6AB2-445F-A300-A526E287F0B0}.Release|Any CPU.ActiveCfg = Release|Any CPU
		{F06CC901-6AB2-445F-A300-A526E287F0B0}.Release|Any CPU.Build.0 = Release|Any CPU
	EndGlobalSection
	GlobalSection(SolutionProperties) = preSolution
		HideSolutionNode = FALSE
	EndGlobalSection
	GlobalSection(ExtensibilityGlobals) = postSolution
		SolutionGuid = {3306B22E-6326-4BC7-88DE-785DF6E85383}
	EndGlobalSection
EndGlobal
